
Microsoft Visual Studio Solution File, Format Version 12.00
# Visual Studio Version 17
VisualStudioVersion = 17.0.32112.339
MinimumVisualStudioVersion = 10.0.40219.1
Project("{9A19103F-16F7-4668-BE54-9A1E7A4F7556}") = "ConsoleApp1", "ConsoleApp1\ConsoleApp1.csproj", "{18D48286-AF7F-4774-A19F-28B7CC2741B6}"
EndProject
Project("{9A19103F-16F7-4668-BE54-9A1E7A4F7556}") = "ConsoleApp4", "ConsoleApp4\ConsoleApp4.csproj", "{0E89FA2A-D2C9-4010-9D25-2ED80B60080E}"
EndProject
Global
	GlobalSection(SolutionConfigurationPlatforms) = preSolution
		Debug|Any CPU = Debug|Any CPU
		Release|Any CPU = Release|Any CPU
	EndGlobalSection
	GlobalSection(ProjectConfigurationPlatforms) = postSolution
		{18D48286-AF7F-4774-A19F-28B7CC2741B6}.Debug|Any CPU.ActiveCfg = Debug|Any CPU
		{18D48286-AF7F-4774-A19F-28B7CC2741B6}.Debug|Any CPU.Build.0 = Debug|Any CPU
		{18D48286-AF7F-4774-A19F-28B7CC2741B6}.Release|Any CPU.ActiveCfg = Release|Any CPU
		{18D48286-AF7F-4774-A19F-28B7CC2741B6}.Release|Any CPU.Build.0 = Release|Any CPU
		{0E89FA2A-D2C9-4010-9D25-2ED80B60080E}.Debug|Any CPU.ActiveCfg = Debug|Any CPU
		{0E89FA2A-D2C9-4010-9D25-2ED80B60080E}.Debug|Any CPU.Build.0 = Debug|Any CPU
		{0E89FA2A-D2C9-4010-9D25-2ED80B60080E}.Release|Any CPU.ActiveCfg = Release|Any CPU
		{0E89FA2A-D2C9-4010-9D25-2ED80B60080E}.Release|Any CPU.Build.0 = Release|Any CPU
	EndGlobalSection
	GlobalSection(SolutionProperties) = preSolution
		HideSolutionNode = FALSE
	EndGlobalSection
	GlobalSection(ExtensibilityGlobals) = postSolution
		SolutionGuid = {8A1A72FA-060A-4C9B-A624-95325B341640}
	EndGlobalSection
EndGlobal
